
Microsoft Visual Studio Solution File, Format Version 12.00
# Visual Studio 14
VisualStudioVersion = 14.0.25420.1
MinimumVisualStudioVersion = 10.0.40219.1
Project("{2150E333-8FDC-42A3-9474-1A3956D46DE8}") = "src", "src", "{F9A45521-BAE8-49D4-933E-AF831BE26A43}"
EndProject
Project("{2150E333-8FDC-42A3-9474-1A3956D46DE8}") = "Solution Items", "Solution Items", "{1EC69B64-40FC-4A80-82E9-A1006890899E}"
	ProjectSection(SolutionItems) = preProject
		global.json = global.json
	EndProjectSection
EndProject
Project("{8BB2217D-0F2D-49D1-97BC-3654ED321F3B}") = "RigoFunc.ApiCore", "src\RigoFunc.ApiCore\RigoFunc.ApiCore.xproj", "{8A257046-9720-4C01-B2B3-08922B364155}"
EndProject
Project("{2150E333-8FDC-42A3-9474-1A3956D46DE8}") = "test", "test", "{AC211551-E787-4EF7-95C4-484DC4F38FFE}"
EndProject
Project("{8BB2217D-0F2D-49D1-97BC-3654ED321F3B}") = "Host", "src\Host\Host.xproj", "{874FEF33-48AD-45CD-A7EF-4B6CE65C1851}"
EndProject
Project("{8BB2217D-0F2D-49D1-97BC-3654ED321F3B}") = "RigoFunc.ApiCore.IntegrationTest", "test\RigoFunc.ApiCore.IntegrationTest\RigoFunc.ApiCore.IntegrationTest.xproj", "{79CB8912-7BE6-43D2-B872-6F75092BFD68}"
EndProject
Global
	GlobalSection(SolutionConfigurationPlatforms) = preSolution
		Debug|Any CPU = Debug|Any CPU
		Release|Any CPU = Release|Any CPU
	EndGlobalSection
	GlobalSection(ProjectConfigurationPlatforms) = postSolution
		{8A257046-9720-4C01-B2B3-08922B364155}.Debug|Any CPU.ActiveCfg = Debug|Any CPU
		{8A257046-9720-4C01-B2B3-08922B364155}.Debug|Any CPU.Build.0 = Debug|Any CPU
		{8A257046-9720-4C01-B2B3-08922B364155}.Release|Any CPU.ActiveCfg = Release|Any CPU
		{8A257046-9720-4C01-B2B3-08922B364155}.Release|Any CPU.Build.0 = Release|Any CPU
		{874FEF33-48AD-45CD-A7EF-4B6CE65C1851}.Debug|Any CPU.ActiveCfg = Debug|Any CPU
		{874FEF33-48AD-45CD-A7EF-4B6CE65C1851}.Debug|Any CPU.Build.0 = Debug|Any CPU
		{874FEF33-48AD-45CD-A7EF-4B6CE65C1851}.Release|Any CPU.ActiveCfg = Release|Any CPU
		{874FEF33-48AD-45CD-A7EF-4B6CE65C1851}.Release|Any CPU.Build.0 = Release|Any CPU
		{79CB8912-7BE6-43D2-B872-6F75092BFD68}.Debug|Any CPU.ActiveCfg = Debug|Any CPU
		{79CB8912-7BE6-43D2-B872-6F75092BFD68}.Debug|Any CPU.Build.0 = Debug|Any CPU
		{79CB8912-7BE6-43D2-B872-6F75092BFD68}.Release|Any CPU.ActiveCfg = Release|Any CPU
		{79CB8912-7BE6-43D2-B872-6F75092BFD68}.Release|Any CPU.Build.0 = Release|Any CPU
	EndGlobalSection
	GlobalSection(SolutionProperties) = preSolution
		HideSolutionNode = FALSE
	EndGlobalSection
	GlobalSection(NestedProjects) = preSolution
		{8A257046-9720-4C01-B2B3-08922B364155} = {F9A45521-BAE8-49D4-933E-AF831BE26A43}
		{874FEF33-48AD-45CD-A7EF-4B6CE65C1851} = {F9A45521-BAE8-49D4-933E-AF831BE26A43}
		{79CB8912-7BE6-43D2-B872-6F75092BFD68} = {AC211551-E787-4EF7-95C4-484DC4F38FFE}
	EndGlobalSection
EndGlobal
